
Microsoft Visual Studio Solution File, Format Version 12.00
# Visual Studio Version 17
VisualStudioVersion = 17.9.34701.34
MinimumVisualStudioVersion = 10.0.40219.1
Project("{FAE04EC0-301F-11D3-BF4B-00C04F79EFBC}") = "MatchTheCountry", "MatchTheCountry.csproj", "{DBA96594-E410-44C5-8889-462415F4CC6C}"
EndProject
Global
	GlobalSection(SolutionConfigurationPlatforms) = preSolution
		Debug|Any CPU = Debug|Any CPU
		Release|Any CPU = Release|Any CPU
	EndGlobalSection
	GlobalSection(ProjectConfigurationPlatforms) = postSolution
		{DBA96594-E410-44C5-8889-462415F4CC6C}.Debug|Any CPU.ActiveCfg = Debug|Any CPU
		{DBA96594-E410-44C5-8889-462415F4CC6C}.Debug|Any CPU.Build.0 = Debug|Any CPU
		{DBA96594-E410-44C5-8889-462415F4CC6C}.Release|Any CPU.ActiveCfg = Release|Any CPU
		{DBA96594-E410-44C5-8889-462415F4CC6C}.Release|Any CPU.Build.0 = Release|Any CPU
	EndGlobalSection
	GlobalSection(SolutionProperties) = preSolution
		HideSolutionNode = FALSE
	EndGlobalSection
	GlobalSection(ExtensibilityGlobals) = postSolution
		SolutionGuid = {266C0693-3728-44EF-AEEB-F4324317A890}
	EndGlobalSection
EndGlobal
